// !$*UTF8*$!
{
	archiveVersion = 1;
	classes = {
	};
	objectVersion = 50;
	objects = {

/* Begin PBXBuildFile section */
		198202FA2509C7D000BD03D4 /* AppDelegate.m in Sources */ = {isa = PBXBuildFile; fileRef = 198202F92509C7D000BD03D4 /* AppDelegate.m */; };
		198202FD2509C7D000BD03D4 /* SceneDelegate.m in Sources */ = {isa = PBXBuildFile; fileRef = 198202FC2509C7D000BD03D4 /* SceneDelegate.m */; };
		198203002509C7D000BD03D4 /* ViewController.m in Sources */ = {isa = PBXBuildFile; fileRef = 198202FF2509C7D000BD03D4 /* ViewController.m */; };
		198203032509C7D000BD03D4 /* Main.storyboard in Resources */ = {isa = PBXBuildFile; fileRef = 198203012509C7D000BD03D4 /* Main.storyboard */; };
		198203052509C7D200BD03D4 /* Assets.xcassets in Resources */ = {isa = PBXBuildFile; fileRef = 198203042509C7D200BD03D4 /* Assets.xcassets */; };
		198203082509C7D200BD03D4 /* LaunchScreen.storyboard in Resources */ = {isa = PBXBuildFile; fileRef = 198203062509C7D200BD03D4 /* LaunchScreen.storyboard */; };
		1982030B2509C7D200BD03D4 /* main.m in Sources */ = {isa = PBXBuildFile; fileRef = 1982030A2509C7D200BD03D4 /* main.m */; };
		198203382509C7E900BD03D4 /* DYDanglingPointStub.m in Sources */ = {isa = PBXBuildFile; fileRef = 198203132509C7E900BD03D4 /* DYDanglingPointStub.m */; };
		198203392509C7E900BD03D4 /* NSObject+DanglingPointer.mm in Sources */ = {isa = PBXBuildFile; fileRef = 198203162509C7E900BD03D4 /* NSObject+DanglingPointer.mm */; settings = {COMPILER_FLAGS = "-fno-objc-arc"; }; };
		1982033A2509C7E900BD03D4 /* DYDanglingPonterService.m in Sources */ = {isa = PBXBuildFile; fileRef = 198203172509C7E900BD03D4 /* DYDanglingPonterService.m */; };
		1982033B2509C7E900BD03D4 /* DYAvoidCrash.m in Sources */ = {isa = PBXBuildFile; fileRef = 1982031A2509C7E900BD03D4 /* DYAvoidCrash.m */; };
		1982033C2509C7E900BD03D4 /* NSNull+DYAvoidCrash.m in Sources */ = {isa = PBXBuildFile; fileRef = 1982031C2509C7E900BD03D4 /* NSNull+DYAvoidCrash.m */; };
		1982033D2509C7E900BD03D4 /* NSObject+KVODYAvoidCrash.m in Sources */ = {isa = PBXBuildFile; fileRef = 1982031E2509C7E900BD03D4 /* NSObject+KVODYAvoidCrash.m */; };
		1982033E2509C7E900BD03D4 /* NSNotificationCenter+DYAvoidCrash.m in Sources */ = {isa = PBXBuildFile; fileRef = 198203202509C7E900BD03D4 /* NSNotificationCenter+DYAvoidCrash.m */; };
		1982033F2509C7E900BD03D4 /* DYAvoidCrashStubObject.m in Sources */ = {isa = PBXBuildFile; fileRef = 198203252509C7E900BD03D4 /* DYAvoidCrashStubObject.m */; };
		198203402509C7E900BD03D4 /* NSObject+Forward.m in Sources */ = {isa = PBXBuildFile; fileRef = 198203262509C7E900BD03D4 /* NSObject+Forward.m */; };
		198203412509C7E900BD03D4 /* NSDictionary+DYAvoidCrash.m in Sources */ = {isa = PBXBuildFile; fileRef = 198203292509C7E900BD03D4 /* NSDictionary+DYAvoidCrash.m */; };
		198203422509C7E900BD03D4 /* NSArray+DYAvoidCrash.m in Sources */ = {isa = PBXBuildFile; fileRef = 1982032A2509C7E900BD03D4 /* NSArray+DYAvoidCrash.m */; };
		198203432509C7E900BD03D4 /* NSMutableArray+DYAvoidCrash.m in Sources */ = {isa = PBXBuildFile; fileRef = 1982032B2509C7E900BD03D4 /* NSMutableArray+DYAvoidCrash.m */; };
		198203442509C7E900BD03D4 /* NSMutableString+DYAvoidCrash.m in Sources */ = {isa = PBXBuildFile; fileRef = 1982032C2509C7E900BD03D4 /* NSMutableString+DYAvoidCrash.m */; };
		198203452509C7E900BD03D4 /* NSCache+DYAvoidCrash.m in Sources */ = {isa = PBXBuildFile; fileRef = 1982032D2509C7E900BD03D4 /* NSCache+DYAvoidCrash.m */; };
		198203462509C7E900BD03D4 /* NSMutableDictionary+DYAvoidCrash.m in Sources */ = {isa = PBXBuildFile; fileRef = 1982032E2509C7E900BD03D4 /* NSMutableDictionary+DYAvoidCrash.m */; };
		198203472509C7E900BD03D4 /* NSString+DYAvoidCrash.m in Sources */ = {isa = PBXBuildFile; fileRef = 1982032F2509C7E900BD03D4 /* NSString+DYAvoidCrash.m */; };
		198203482509C7E900BD03D4 /* DYSwizzling.m in Sources */ = {isa = PBXBuildFile; fileRef = 198203322509C7E900BD03D4 /* DYSwizzling.m */; };
		198203492509C7E900BD03D4 /* DYAvoidCrashRecord.m in Sources */ = {isa = PBXBuildFile; fileRef = 198203352509C7E900BD03D4 /* DYAvoidCrashRecord.m */; };
		1982034A2509C7E900BD03D4 /* NSTimer+DYAvoidCrash.m in Sources */ = {isa = PBXBuildFile; fileRef = 198203372509C7E900BD03D4 /* NSTimer+DYAvoidCrash.m */; };
/* End PBXBuildFile section */

/* Begin PBXFileReference section */
		198202F52509C7D000BD03D4 /* DYAvoidCrashDemo.app */ = {isa = PBXFileReference; explicitFileType = wrapper.application; includeInIndex = 0; path = DYAvoidCrashDemo.app; sourceTree = BUILT_PRODUCTS_DIR; };
		198202F82509C7D000BD03D4 /* AppDelegate.h */ = {isa = PBXFileReference; lastKnownFileType = sourcecode.c.h; path = AppDelegate.h; sourceTree = "<group>"; };
		198202F92509C7D000BD03D4 /* AppDelegate.m */ = {isa = PBXFileReference; lastKnownFileType = sourcecode.c.objc; path = AppDelegate.m; sourceTree = "<group>"; };
		198202FB2509C7D000BD03D4 /* SceneDelegate.h */ = {isa = PBXFileReference; lastKnownFileType = sourcecode.c.h; path = SceneDelegate.h; sourceTree = "<group>"; };
		198202FC2509C7D000BD03D4 /* SceneDelegate.m */ = {isa = PBXFileReference; lastKnownFileType = sourcecode.c.objc; path = SceneDelegate.m; sourceTree = "<group>"; };
		198202FE2509C7D000BD03D4 /* ViewController.h */ = {isa = PBXFileReference; lastKnownFileType = sourcecode.c.h; path = ViewController.h; sourceTree = "<group>"; };
		198202FF2509C7D000BD03D4 /* ViewController.m */ = {isa = PBXFileReference; lastKnownFileType = sourcecode.c.objc; path = ViewController.m; sourceTree = "<group>"; };
		198203022509C7D000BD03D4 /* Base */ = {isa = PBXFileReference; lastKnownFileType = file.storyboard; name = Base; path = Base.lproj/Main.storyboard; sourceTree = "<group>"; };
		198203042509C7D200BD03D4 /* Assets.xcassets */ = {isa = PBXFileReference; lastKnownFileType = folder.assetcatalog; path = Assets.xcassets; sourceTree = "<group>"; };
		198203072509C7D200BD03D4 /* Base */ = {isa = PBXFileReference; lastKnownFileType = file.storyboard; name = Base; path = Base.lproj/LaunchScreen.storyboard; sourceTree = "<group>"; };
		198203092509C7D200BD03D4 /* Info.plist */ = {isa = PBXFileReference; lastKnownFileType = text.plist.xml; path = Info.plist; sourceTree = "<group>"; };
		1982030A2509C7D200BD03D4 /* main.m */ = {isa = PBXFileReference; lastKnownFileType = sourcecode.c.objc; path = main.m; sourceTree = "<group>"; };
		198203132509C7E900BD03D4 /* DYDanglingPointStub.m */ = {isa = PBXFileReference; fileEncoding = 4; lastKnownFileType = sourcecode.c.objc; path = DYDanglingPointStub.m; sourceTree = "<group>"; };
		198203142509C7E900BD03D4 /* DYDanglingPonterService.h */ = {isa = PBXFileReference; fileEncoding = 4; lastKnownFileType = sourcecode.c.h; path = DYDanglingPonterService.h; sourceTree = "<group>"; };
		198203152509C7E900BD03D4 /* DYDanglingPointStub.h */ = {isa = PBXFileReference; fileEncoding = 4; lastKnownFileType = sourcecode.c.h; path = DYDanglingPointStub.h; sourceTree = "<group>"; };
		198203162509C7E900BD03D4 /* NSObject+DanglingPointer.mm */ = {isa = PBXFileReference; fileEncoding = 4; lastKnownFileType = sourcecode.cpp.objcpp; path = "NSObject+DanglingPointer.mm"; sourceTree = "<group>"; };
		198203172509C7E900BD03D4 /* DYDanglingPonterService.m */ = {isa = PBXFileReference; fileEncoding = 4; lastKnownFileType = sourcecode.c.objc; path = DYDanglingPonterService.m; sourceTree = "<group>"; };
		198203182509C7E900BD03D4 /* NSObject+DanglingPointer.h */ = {isa = PBXFileReference; fileEncoding = 4; lastKnownFileType = sourcecode.c.h; path = "NSObject+DanglingPointer.h"; sourceTree = "<group>"; };
		198203192509C7E900BD03D4 /* DYAvoidCrashRecord.h */ = {isa = PBXFileReference; fileEncoding = 4; lastKnownFileType = sourcecode.c.h; path = DYAvoidCrashRecord.h; sourceTree = "<group>"; };
		1982031A2509C7E900BD03D4 /* DYAvoidCrash.m */ = {isa = PBXFileReference; fileEncoding = 4; lastKnownFileType = sourcecode.c.objc; path = DYAvoidCrash.m; sourceTree = "<group>"; };
		1982031C2509C7E900BD03D4 /* NSNull+DYAvoidCrash.m */ = {isa = PBXFileReference; fileEncoding = 4; lastKnownFileType = sourcecode.c.objc; path = "NSNull+DYAvoidCrash.m"; sourceTree = "<group>"; };
		1982031E2509C7E900BD03D4 /* NSObject+KVODYAvoidCrash.m */ = {isa = PBXFileReference; fileEncoding = 4; lastKnownFileType = sourcecode.c.objc; path = "NSObject+KVODYAvoidCrash.m"; sourceTree = "<group>"; };
		198203202509C7E900BD03D4 /* NSNotificationCenter+DYAvoidCrash.m */ = {isa = PBXFileReference; fileEncoding = 4; lastKnownFileType = sourcecode.c.objc; path = "NSNotificationCenter+DYAvoidCrash.m"; sourceTree = "<group>"; };
		198203222509C7E900BD03D4 /* NSArrayObjectAtIndex.h */ = {isa = PBXFileReference; fileEncoding = 4; lastKnownFileType = sourcecode.c.h; path = NSArrayObjectAtIndex.h; sourceTree = "<group>"; };
		198203232509C7E900BD03D4 /* NSArrayWithObjects.h */ = {isa = PBXFileReference; fileEncoding = 4; lastKnownFileType = sourcecode.c.h; path = NSArrayWithObjects.h; sourceTree = "<group>"; };
		198203252509C7E900BD03D4 /* DYAvoidCrashStubObject.m */ = {isa = PBXFileReference; fileEncoding = 4; lastKnownFileType = sourcecode.c.objc; path = DYAvoidCrashStubObject.m; sourceTree = "<group>"; };
		198203262509C7E900BD03D4 /* NSObject+Forward.m */ = {isa = PBXFileReference; fileEncoding = 4; lastKnownFileType = sourcecode.c.objc; path = "NSObject+Forward.m"; sourceTree = "<group>"; };
		198203272509C7E900BD03D4 /* DYAvoidCrashStubObject.h */ = {isa = PBXFileReference; fileEncoding = 4; lastKnownFileType = sourcecode.c.h; path = DYAvoidCrashStubObject.h; sourceTree = "<group>"; };
		198203292509C7E900BD03D4 /* NSDictionary+DYAvoidCrash.m */ = {isa = PBXFileReference; fileEncoding = 4; lastKnownFileType = sourcecode.c.objc; path = "NSDictionary+DYAvoidCrash.m"; sourceTree = "<group>"; };
		1982032A2509C7E900BD03D4 /* NSArray+DYAvoidCrash.m */ = {isa = PBXFileReference; fileEncoding = 4; lastKnownFileType = sourcecode.c.objc; path = "NSArray+DYAvoidCrash.m"; sourceTree = "<group>"; };
		1982032B2509C7E900BD03D4 /* NSMutableArray+DYAvoidCrash.m */ = {isa = PBXFileReference; fileEncoding = 4; lastKnownFileType = sourcecode.c.objc; path = "NSMutableArray+DYAvoidCrash.m"; sourceTree = "<group>"; };
		1982032C2509C7E900BD03D4 /* NSMutableString+DYAvoidCrash.m */ = {isa = PBXFileReference; fileEncoding = 4; lastKnownFileType = sourcecode.c.objc; path = "NSMutableString+DYAvoidCrash.m"; sourceTree = "<group>"; };
		1982032D2509C7E900BD03D4 /* NSCache+DYAvoidCrash.m */ = {isa = PBXFileReference; fileEncoding = 4; lastKnownFileType = sourcecode.c.objc; path = "NSCache+DYAvoidCrash.m"; sourceTree = "<group>"; };
		1982032E2509C7E900BD03D4 /* NSMutableDictionary+DYAvoidCrash.m */ = {isa = PBXFileReference; fileEncoding = 4; lastKnownFileType = sourcecode.c.objc; path = "NSMutableDictionary+DYAvoidCrash.m"; sourceTree = "<group>"; };
		1982032F2509C7E900BD03D4 /* NSString+DYAvoidCrash.m */ = {isa = PBXFileReference; fileEncoding = 4; lastKnownFileType = sourcecode.c.objc; path = "NSString+DYAvoidCrash.m"; sourceTree = "<group>"; };
		198203312509C7E900BD03D4 /* DYSwizzling.h */ = {isa = PBXFileReference; fileEncoding = 4; lastKnownFileType = sourcecode.c.h; path = DYSwizzling.h; sourceTree = "<group>"; };
		198203322509C7E900BD03D4 /* DYSwizzling.m */ = {isa = PBXFileReference; fileEncoding = 4; lastKnownFileType = sourcecode.c.objc; path = DYSwizzling.m; sourceTree = "<group>"; };
		198203332509C7E900BD03D4 /* DYMetamacros.h */ = {isa = PBXFileReference; fileEncoding = 4; lastKnownFileType = sourcecode.c.h; path = DYMetamacros.h; sourceTree = "<group>"; };
		198203342509C7E900BD03D4 /* DYAvoidCrash.h */ = {isa = PBXFileReference; fileEncoding = 4; lastKnownFileType = sourcecode.c.h; path = DYAvoidCrash.h; sourceTree = "<group>"; };
		198203352509C7E900BD03D4 /* DYAvoidCrashRecord.m */ = {isa = PBXFileReference; fileEncoding = 4; lastKnownFileType = sourcecode.c.objc; path = DYAvoidCrashRecord.m; sourceTree = "<group>"; };
		198203372509C7E900BD03D4 /* NSTimer+DYAvoidCrash.m */ = {isa = PBXFileReference; fileEncoding = 4; lastKnownFileType = sourcecode.c.objc; path = "NSTimer+DYAvoidCrash.m"; sourceTree = "<group>"; };
/* End PBXFileReference section */

/* Begin PBXFrameworksBuildPhase section */
		198202F22509C7D000BD03D4 /* Frameworks */ = {
			isa = PBXFrameworksBuildPhase;
			buildActionMask = 2147483647;
			files = (
			);
			runOnlyForDeploymentPostprocessing = 0;
		};
/* End PBXFrameworksBuildPhase section */

/* Begin PBXGroup section */
		198202EC2509C7D000BD03D4 = {
			isa = PBXGroup;
			children = (
				198203112509C7E900BD03D4 /* DYAvoidCrash */,
				198202F72509C7D000BD03D4 /* DYAvoidCrashDemo */,
				198202F62509C7D000BD03D4 /* Products */,
			);
			sourceTree = "<group>";
		};
		198202F62509C7D000BD03D4 /* Products */ = {
			isa = PBXGroup;
			children = (
				198202F52509C7D000BD03D4 /* DYAvoidCrashDemo.app */,
			);
			name = Products;
			sourceTree = "<group>";
		};
		198202F72509C7D000BD03D4 /* DYAvoidCrashDemo */ = {
			isa = PBXGroup;
			children = (
				198202F82509C7D000BD03D4 /* AppDelegate.h */,
				198202F92509C7D000BD03D4 /* AppDelegate.m */,
				198202FB2509C7D000BD03D4 /* SceneDelegate.h */,
				198202FC2509C7D000BD03D4 /* SceneDelegate.m */,
				198202FE2509C7D000BD03D4 /* ViewController.h */,
				198202FF2509C7D000BD03D4 /* ViewController.m */,
				198203012509C7D000BD03D4 /* Main.storyboard */,
				198203042509C7D200BD03D4 /* Assets.xcassets */,
				198203062509C7D200BD03D4 /* LaunchScreen.storyboard */,
				198203092509C7D200BD03D4 /* Info.plist */,
				1982030A2509C7D200BD03D4 /* main.m */,
			);
			path = DYAvoidCrashDemo;
			sourceTree = "<group>";
		};
		198203112509C7E900BD03D4 /* DYAvoidCrash */ = {
			isa = PBXGroup;
			children = (
				198203342509C7E900BD03D4 /* DYAvoidCrash.h */,
				1982031A2509C7E900BD03D4 /* DYAvoidCrash.m */,
				198203192509C7E900BD03D4 /* DYAvoidCrashRecord.h */,
				198203352509C7E900BD03D4 /* DYAvoidCrashRecord.m */,
				198203282509C7E900BD03D4 /* Container */,
				198203122509C7E900BD03D4 /* DanglingPointer */,
				1982031D2509C7E900BD03D4 /* KVO */,
				1982031F2509C7E900BD03D4 /* Notification */,
				1982031B2509C7E900BD03D4 /* NSNull */,
				198203362509C7E900BD03D4 /* NSTimer */,
				198203242509C7E900BD03D4 /* SmartKit */,
				198203302509C7E900BD03D4 /* Swizzling */,
				198203212509C7E900BD03D4 /* template */,
			);
			path = DYAvoidCrash;
			sourceTree = "<group>";
		};
		198203122509C7E900BD03D4 /* DanglingPointer */ = {
			isa = PBXGroup;
			children = (
				198203152509C7E900BD03D4 /* DYDanglingPointStub.h */,
				198203132509C7E900BD03D4 /* DYDanglingPointStub.m */,
				198203142509C7E900BD03D4 /* DYDanglingPonterService.h */,
				198203172509C7E900BD03D4 /* DYDanglingPonterService.m */,
				198203182509C7E900BD03D4 /* NSObject+DanglingPointer.h */,
				198203162509C7E900BD03D4 /* NSObject+DanglingPointer.mm */,
			);
			path = DanglingPointer;
			sourceTree = "<group>";
		};
		1982031B2509C7E900BD03D4 /* NSNull */ = {
			isa = PBXGroup;
			children = (
				1982031C2509C7E900BD03D4 /* NSNull+DYAvoidCrash.m */,
			);
			path = NSNull;
			sourceTree = "<group>";
		};
		1982031D2509C7E900BD03D4 /* KVO */ = {
			isa = PBXGroup;
			children = (
				1982031E2509C7E900BD03D4 /* NSObject+KVODYAvoidCrash.m */,
			);
			path = KVO;
			sourceTree = "<group>";
		};
		1982031F2509C7E900BD03D4 /* Notification */ = {
			isa = PBXGroup;
			children = (
				198203202509C7E900BD03D4 /* NSNotificationCenter+DYAvoidCrash.m */,
			);
			path = Notification;
			sourceTree = "<group>";
		};
		198203212509C7E900BD03D4 /* template */ = {
			isa = PBXGroup;
			children = (
				198203222509C7E900BD03D4 /* NSArrayObjectAtIndex.h */,
				198203232509C7E900BD03D4 /* NSArrayWithObjects.h */,
			);
			path = template;
			sourceTree = "<group>";
		};
		198203242509C7E900BD03D4 /* SmartKit */ = {
			isa = PBXGroup;
			children = (
				198203272509C7E900BD03D4 /* DYAvoidCrashStubObject.h */,
				198203252509C7E900BD03D4 /* DYAvoidCrashStubObject.m */,
				198203262509C7E900BD03D4 /* NSObject+Forward.m */,
			);
			path = SmartKit;
			sourceTree = "<group>";
		};
		198203282509C7E900BD03D4 /* Container */ = {
			isa = PBXGroup;
			children = (
				1982032A2509C7E900BD03D4 /* NSArray+DYAvoidCrash.m */,
				1982032D2509C7E900BD03D4 /* NSCache+DYAvoidCrash.m */,
				198203292509C7E900BD03D4 /* NSDictionary+DYAvoidCrash.m */,
				1982032B2509C7E900BD03D4 /* NSMutableArray+DYAvoidCrash.m */,
				1982032E2509C7E900BD03D4 /* NSMutableDictionary+DYAvoidCrash.m */,
				1982032C2509C7E900BD03D4 /* NSMutableString+DYAvoidCrash.m */,
				1982032F2509C7E900BD03D4 /* NSString+DYAvoidCrash.m */,
			);
			path = Container;
			sourceTree = "<group>";
		};
		198203302509C7E900BD03D4 /* Swizzling */ = {
			isa = PBXGroup;
			children = (
				198203332509C7E900BD03D4 /* DYMetamacros.h */,
				198203312509C7E900BD03D4 /* DYSwizzling.h */,
				198203322509C7E900BD03D4 /* DYSwizzling.m */,
			);
			path = Swizzling;
			sourceTree = "<group>";
		};
		198203362509C7E900BD03D4 /* NSTimer */ = {
			isa = PBXGroup;
			children = (
				198203372509C7E900BD03D4 /* NSTimer+DYAvoidCrash.m */,
			);
			path = NSTimer;
			sourceTree = "<group>";
		};
/* End PBXGroup section */

/* Begin PBXNativeTarget section */
		198202F42509C7D000BD03D4 /* DYAvoidCrashDemo */ = {
			isa = PBXNativeTarget;
			buildConfigurationList = 1982030E2509C7D200BD03D4 /* Build configuration list for PBXNativeTarget "DYAvoidCrashDemo" */;
			buildPhases = (
				198202F12509C7D000BD03D4 /* Sources */,
				198202F22509C7D000BD03D4 /* Frameworks */,
				198202F32509C7D000BD03D4 /* Resources */,
			);
			buildRules = (
			);
			dependencies = (
			);
			name = DYAvoidCrashDemo;
			productName = DYAvoidCrashDemo;
			productReference = 198202F52509C7D000BD03D4 /* DYAvoidCrashDemo.app */;
			productType = "com.apple.product-type.application";
		};
/* End PBXNativeTarget section */

/* Begin PBXProject section */
		198202ED2509C7D000BD03D4 /* Project object */ = {
			isa = PBXProject;
			attributes = {
				LastUpgradeCheck = 1170;
				ORGANIZATIONNAME = ZDY;
				TargetAttributes = {
					198202F42509C7D000BD03D4 = {
						CreatedOnToolsVersion = 11.7;
					};
				};
			};
			buildConfigurationList = 198202F02509C7D000BD03D4 /* Build configuration list for PBXProject "DYAvoidCrashDemo" */;
			compatibilityVersion = "Xcode 9.3";
			developmentRegion = en;
			hasScannedForEncodings = 0;
			knownRegions = (
				en,
				Base,
			);
			mainGroup = 198202EC2509C7D000BD03D4;
			productRefGroup = 198202F62509C7D000BD03D4 /* Products */;
			projectDirPath = "";
			projectRoot = "";
			targets = (
				198202F42509C7D000BD03D4 /* DYAvoidCrashDemo */,
			);
		};
/* End PBXProject section */

/* Begin PBXResourcesBuildPhase section */
		198202F32509C7D000BD03D4 /* Resources */ = {
			isa = PBXResourcesBuildPhase;
			buildActionMask = 2147483647;
			files = (
				198203082509C7D200BD03D4 /* LaunchScreen.storyboard in Resources */,
				198203052509C7D200BD03D4 /* Assets.xcassets in Resources */,
				198203032509C7D000BD03D4 /* Main.storyboard in Resources */,
			);
			runOnlyForDeploymentPostprocessing = 0;
		};
/* End PBXResourcesBuildPhase section */

/* Begin PBXSourcesBuildPhase section */
		198202F12509C7D000BD03D4 /* Sources */ = {
			isa = PBXSourcesBuildPhase;
			buildActionMask = 2147483647;
			files = (
				198203002509C7D000BD03D4 /* ViewController.m in Sources */,
				198203482509C7E900BD03D4 /* DYSwizzling.m in Sources */,
				1982033F2509C7E900BD03D4 /* DYAvoidCrashStubObject.m in Sources */,
				198203462509C7E900BD03D4 /* NSMutableDictionary+DYAvoidCrash.m in Sources */,
				198203382509C7E900BD03D4 /* DYDanglingPointStub.m in Sources */,
				198203422509C7E900BD03D4 /* NSArray+DYAvoidCrash.m in Sources */,
				198203452509C7E900BD03D4 /* NSCache+DYAvoidCrash.m in Sources */,
				1982033C2509C7E900BD03D4 /* NSNull+DYAvoidCrash.m in Sources */,
				1982033B2509C7E900BD03D4 /* DYAvoidCrash.m in Sources */,
				198203492509C7E900BD03D4 /* DYAvoidCrashRecord.m in Sources */,
				198202FA2509C7D000BD03D4 /* AppDelegate.m in Sources */,
				198203392509C7E900BD03D4 /* NSObject+DanglingPointer.mm in Sources */,
				1982034A2509C7E900BD03D4 /* NSTimer+DYAvoidCrash.m in Sources */,
				198203472509C7E900BD03D4 /* NSString+DYAvoidCrash.m in Sources */,
				198203442509C7E900BD03D4 /* NSMutableString+DYAvoidCrash.m in Sources */,
				1982033A2509C7E900BD03D4 /* DYDanglingPonterService.m in Sources */,
				198203402509C7E900BD03D4 /* NSObject+Forward.m in Sources */,
				198203412509C7E900BD03D4 /* NSDictionary+DYAvoidCrash.m in Sources */,
				1982030B2509C7D200BD03D4 /* main.m in Sources */,
				1982033E2509C7E900BD03D4 /* NSNotificationCenter+DYAvoidCrash.m in Sources */,
				198202FD2509C7D000BD03D4 /* SceneDelegate.m in Sources */,
				198203432509C7E900BD03D4 /* NSMutableArray+DYAvoidCrash.m in Sources */,
				1982033D2509C7E900BD03D4 /* NSObject+KVODYAvoidCrash.m in Sources */,
			);
			runOnlyForDeploymentPostprocessing = 0;
		};
/* End PBXSourcesBuildPhase section */

/* Begin PBXVariantGroup section */
		198203012509C7D000BD03D4 /* Main.storyboard */ = {
			isa = PBXVariantGroup;
			children = (
				198203022509C7D000BD03D4 /* Base */,
			);
			name = Main.storyboard;
			sourceTree = "<group>";
		};
		198203062509C7D200BD03D4 /* LaunchScreen.storyboard */ = {
			isa = PBXVariantGroup;
			children = (
				198203072509C7D200BD03D4 /* Base */,
			);
			name = LaunchScreen.storyboard;
			sourceTree = "<group>";
		};
/* End PBXVariantGroup section */

/* Begin XCBuildConfiguration section */
		1982030C2509C7D200BD03D4 /* Debug */ = {
			isa = XCBuildConfiguration;
			buildSettings = {
				ALWAYS_SEARCH_USER_PATHS = NO;
				CLANG_ANALYZER_NONNULL = YES;
				CLANG_ANALYZER_NUMBER_OBJECT_CONVERSION = YES_AGGRESSIVE;
				CLANG_CXX_LANGUAGE_STANDARD = "gnu++14";
				CLANG_CXX_LIBRARY = "libc++";
				CLANG_ENABLE_MODULES = YES;
				CLANG_ENABLE_OBJC_ARC = YES;
				CLANG_ENABLE_OBJC_WEAK = YES;
				CLANG_WARN_BLOCK_CAPTURE_AUTORELEASING = YES;
				CLANG_WARN_BOOL_CONVERSION = YES;
				CLANG_WARN_COMMA = YES;
				CLANG_WARN_CONSTANT_CONVERSION = YES;
				CLANG_WARN_DEPRECATED_OBJC_IMPLEMENTATIONS = YES;
				CLANG_WARN_DIRECT_OBJC_ISA_USAGE = YES_ERROR;
				CLANG_WARN_DOCUMENTATION_COMMENTS = YES;
				CLANG_WARN_EMPTY_BODY = YES;
				CLANG_WARN_ENUM_CONVERSION = YES;
				CLANG_WARN_INFINITE_RECURSION = YES;
				CLANG_WARN_INT_CONVERSION = YES;
				CLANG_WARN_NON_LITERAL_NULL_CONVERSION = YES;
				CLANG_WARN_OBJC_IMPLICIT_RETAIN_SELF = YES;
				CLANG_WARN_OBJC_LITERAL_CONVERSION = YES;
				CLANG_WARN_OBJC_ROOT_CLASS = YES_ERROR;
				CLANG_WARN_RANGE_LOOP_ANALYSIS = YES;
				CLANG_WARN_STRICT_PROTOTYPES = YES;
				CLANG_WARN_SUSPICIOUS_MOVE = YES;
				CLANG_WARN_UNGUARDED_AVAILABILITY = YES_AGGRESSIVE;
				CLANG_WARN_UNREACHABLE_CODE = YES;
				CLANG_WARN__DUPLICATE_METHOD_MATCH = YES;
				COPY_PHASE_STRIP = NO;
				DEBUG_INFORMATION_FORMAT = dwarf;
				ENABLE_STRICT_OBJC_MSGSEND = YES;
				ENABLE_TESTABILITY = YES;
				GCC_C_LANGUAGE_STANDARD = gnu11;
				GCC_DYNAMIC_NO_PIC = NO;
				GCC_NO_COMMON_BLOCKS = YES;
				GCC_OPTIMIZATION_LEVEL = 0;
				GCC_PREPROCESSOR_DEFINITIONS = (
					"DEBUG=1",
					"$(inherited)",
				);
				GCC_WARN_64_TO_32_BIT_CONVERSION = YES;
				GCC_WARN_ABOUT_RETURN_TYPE = YES_ERROR;
				GCC_WARN_UNDECLARED_SELECTOR = YES;
				GCC_WARN_UNINITIALIZED_AUTOS = YES_AGGRESSIVE;
				GCC_WARN_UNUSED_FUNCTION = YES;
				GCC_WARN_UNUSED_VARIABLE = YES;
				IPHONEOS_DEPLOYMENT_TARGET = 9.0;
				MTL_ENABLE_DEBUG_INFO = INCLUDE_SOURCE;
				MTL_FAST_MATH = YES;
				ONLY_ACTIVE_ARCH = YES;
				SDKROOT = iphoneos;
			};
			name = Debug;
		};
		1982030D2509C7D200BD03D4 /* Release */ = {
			isa = XCBuildConfiguration;
			buildSettings = {
				ALWAYS_SEARCH_USER_PATHS = NO;
				CLANG_ANALYZER_NONNULL = YES;
				CLANG_ANALYZER_NUMBER_OBJECT_CONVERSION = YES_AGGRESSIVE;
				CLANG_CXX_LANGUAGE_STANDARD = "gnu++14";
				CLANG_CXX_LIBRARY = "libc++";
				CLANG_ENABLE_MODULES = YES;
				CLANG_ENABLE_OBJC_ARC = YES;
				CLANG_ENABLE_OBJC_WEAK = YES;
				CLANG_WARN_BLOCK_CAPTURE_AUTORELEASING = YES;
				CLANG_WARN_BOOL_CONVERSION = YES;
				CLANG_WARN_COMMA = YES;
				CLANG_WARN_CONSTANT_CONVERSION = YES;
				CLANG_WARN_DEPRECATED_OBJC_IMPLEMENTATIONS = YES;
				CLANG_WARN_DIRECT_OBJC_ISA_USAGE = YES_ERROR;
				CLANG_WARN_DOCUMENTATION_COMMENTS = YES;
				CLANG_WARN_EMPTY_BODY = YES;
				CLANG_WARN_ENUM_CONVERSION = YES;
				CLANG_WARN_INFINITE_RECURSION = YES;
				CLANG_WARN_INT_CONVERSION = YES;
				CLANG_WARN_NON_LITERAL_NULL_CONVERSION = YES;
				CLANG_WARN_OBJC_IMPLICIT_RETAIN_SELF = YES;
				CLANG_WARN_OBJC_LITERAL_CONVERSION = YES;
				CLANG_WARN_OBJC_ROOT_CLASS = YES_ERROR;
				CLANG_WARN_RANGE_LOOP_ANALYSIS = YES;
				CLANG_WARN_STRICT_PROTOTYPES = YES;
				CLANG_WARN_SUSPICIOUS_MOVE = YES;
				CLANG_WARN_UNGUARDED_AVAILABILITY = YES_AGGRESSIVE;
				CLANG_WARN_UNREACHABLE_CODE = YES;
				CLANG_WARN__DUPLICATE_METHOD_MATCH = YES;
				COPY_PHASE_STRIP = NO;
				DEBUG_INFORMATION_FORMAT = "dwarf-with-dsym";
				ENABLE_NS_ASSERTIONS = NO;
				ENABLE_STRICT_OBJC_MSGSEND = YES;
				GCC_C_LANGUAGE_STANDARD = gnu11;
				GCC_NO_COMMON_BLOCKS = YES;
				GCC_WARN_64_TO_32_BIT_CONVERSION = YES;
				GCC_WARN_ABOUT_RETURN_TYPE = YES_ERROR;
				GCC_WARN_UNDECLARED_SELECTOR = YES;
				GCC_WARN_UNINITIALIZED_AUTOS = YES_AGGRESSIVE;
				GCC_WARN_UNUSED_FUNCTION = YES;
				GCC_WARN_UNUSED_VARIABLE = YES;
				IPHONEOS_DEPLOYMENT_TARGET = 9.0;
				MTL_ENABLE_DEBUG_INFO = NO;
				MTL_FAST_MATH = YES;
				SDKROOT = iphoneos;
				VALIDATE_PRODUCT = YES;
			};
			name = Release;
		};
		1982030F2509C7D200BD03D4 /* Debug */ = {
			isa = XCBuildConfiguration;
			buildSettings = {
				ASSETCATALOG_COMPILER_APPICON_NAME = AppIcon;
				CODE_SIGN_STYLE = Automatic;
				INFOPLIST_FILE = DYAvoidCrashDemo/Info.plist;
				LD_RUNPATH_SEARCH_PATHS = (
					"$(inherited)",
					"@executable_path/Frameworks",
				);
				PRODUCT_BUNDLE_IDENTIFIER = com.zdy.DYAvoidCrashDemo;
				PRODUCT_NAME = "$(TARGET_NAME)";
				TARGETED_DEVICE_FAMILY = "1,2";
			};
			name = Debug;
		};
		198203102509C7D200BD03D4 /* Release */ = {
			isa = XCBuildConfiguration;
			buildSettings = {
				ASSETCATALOG_COMPILER_APPICON_NAME = AppIcon;
				CODE_SIGN_STYLE = Automatic;
				INFOPLIST_FILE = DYAvoidCrashDemo/Info.plist;
				LD_RUNPATH_SEARCH_PATHS = (
					"$(inherited)",
					"@executable_path/Frameworks",
				);
				PRODUCT_BUNDLE_IDENTIFIER = com.zdy.DYAvoidCrashDemo;
				PRODUCT_NAME = "$(TARGET_NAME)";
				TARGETED_DEVICE_FAMILY = "1,2";
			};
			name = Release;
		};
/* End XCBuildConfiguration section */

/* Begin XCConfigurationList section */
		198202F02509C7D000BD03D4 /* Build configuration list for PBXProject "DYAvoidCrashDemo" */ = {
			isa = XCConfigurationList;
			buildConfigurations = (
				1982030C2509C7D200BD03D4 /* Debug */,
				1982030D2509C7D200BD03D4 /* Release */,
			);
			defaultConfigurationIsVisible = 0;
			defaultConfigurationName = Release;
		};
		1982030E2509C7D200BD03D4 /* Build configuration list for PBXNativeTarget "DYAvoidCrashDemo" */ = {
			isa = XCConfigurationList;
			buildConfigurations = (
				1982030F2509C7D200BD03D4 /* Debug */,
				198203102509C7D200BD03D4 /* Release */,
			);
			defaultConfigurationIsVisible = 0;
			defaultConfigurationName = Release;
		};
/* End XCConfigurationList section */
	};
	rootObject = 198202ED2509C7D000BD03D4 /* Project object */;
}
